
Microsoft Visual Studio Solution File, Format Version 12.00
# Visual Studio Version 17
VisualStudioVersion = 17.0.31903.59
MinimumVisualStudioVersion = 10.0.40219.1
Project("{2150E333-8FDC-42A3-9474-1A3956D46DE8}") = "src", "src", "{827D01D0-4B9A-4F66-A1B1-DE5792F0B5D3}"
EndProject
Project("{FAE04EC0-301F-11D3-BF4B-00C04F79EFBC}") = "LS.AuthUserApi", "src\LS.AuthUserApi\LS.AuthUserApi.csproj", "{F8284BDE-F33E-462E-9D55-79E19F3FEFCD}"
EndProject
Project("{FAE04EC0-301F-11D3-BF4B-00C04F79EFBC}") = "LS.AppointmentApi", "src\LS.AppointmentApi\LS.AppointmentApi.csproj", "{0DF56480-22E7-4F68-AD25-6D0012F5FEA5}"
EndProject
Project("{FAE04EC0-301F-11D3-BF4B-00C04F79EFBC}") = "LS.AuditApi", "src\LS.AuditApi\LS.AuditApi.csproj", "{25337CAE-B3D6-4817-9B73-390865104887}"
EndProject
Project("{FAE04EC0-301F-11D3-BF4B-00C04F79EFBC}") = "LS.BillingApi", "src\LS.BillingApi\LS.BillingApi.csproj", "{C89480E5-4F69-4D27-AFB8-F53C36FC6F37}"
EndProject
Project("{FAE04EC0-301F-11D3-BF4B-00C04F79EFBC}") = "LS.DoctorApi", "src\LS.DoctorApi\LS.DoctorApi.csproj", "{35530C88-05A2-4BC7-A30A-F2BB0A74EF34}"
EndProject
Project("{FAE04EC0-301F-11D3-BF4B-00C04F79EFBC}") = "LS.Gateway", "src\LS.Gateway\LS.Gateway.csproj", "{C845858E-C0D3-4CC1-9997-9FD24C91C531}"
EndProject
Project("{FAE04EC0-301F-11D3-BF4B-00C04F79EFBC}") = "LS.NotificationApi", "src\LS.NotificationApi\LS.NotificationApi.csproj", "{A60826BE-2A09-41F8-AC34-4463B59DCAFE}"
EndProject
Project("{FAE04EC0-301F-11D3-BF4B-00C04F79EFBC}") = "LS.PatientApi", "src\LS.PatientApi\LS.PatientApi.csproj", "{DDDC61E8-36F0-48C7-9EA3-A5DCC60B4FA7}"
EndProject
Project("{FAE04EC0-301F-11D3-BF4B-00C04F79EFBC}") = "LS.TenantApi", "src\LS.TenantApi\LS.TenantApi.csproj", "{6B149FC5-94B9-4E21-9B79-A07BEB8434FC}"
EndProject
Project("{FAE04EC0-301F-11D3-BF4B-00C04F79EFBC}") = "LS.Shared", "src\LS.Shared\LS.Shared.csproj", "{C236995E-4941-4DB9-9BDA-E51B904586CB}"
EndProject
Project("{FAE04EC0-301F-11D3-BF4B-00C04F79EFBC}") = "LS.WorkerService", "src\LS.WorkerService\LS.WorkerService.csproj", "{4F1834C5-A29C-4C4B-A770-5576B6271C14}"
EndProject
Project("{FAE04EC0-301F-11D3-BF4B-00C04F79EFBC}") = "LS.FileServiceApi", "src\LS.FileServiceApi\LS.FileServiceApi.csproj", "{00A9A32A-B7A3-4188-A4AC-31D48F8FF174}"
EndProject
Global
	GlobalSection(SolutionConfigurationPlatforms) = preSolution
		Debug|Any CPU = Debug|Any CPU
		Release|Any CPU = Release|Any CPU
	EndGlobalSection
	GlobalSection(ProjectConfigurationPlatforms) = postSolution
		{F8284BDE-F33E-462E-9D55-79E19F3FEFCD}.Debug|Any CPU.ActiveCfg = Debug|Any CPU
		{F8284BDE-F33E-462E-9D55-79E19F3FEFCD}.Debug|Any CPU.Build.0 = Debug|Any CPU
		{F8284BDE-F33E-462E-9D55-79E19F3FEFCD}.Release|Any CPU.ActiveCfg = Release|Any CPU
		{F8284BDE-F33E-462E-9D55-79E19F3FEFCD}.Release|Any CPU.Build.0 = Release|Any CPU
		{0DF56480-22E7-4F68-AD25-6D0012F5FEA5}.Debug|Any CPU.ActiveCfg = Debug|Any CPU
		{0DF56480-22E7-4F68-AD25-6D0012F5FEA5}.Debug|Any CPU.Build.0 = Debug|Any CPU
		{0DF56480-22E7-4F68-AD25-6D0012F5FEA5}.Release|Any CPU.ActiveCfg = Release|Any CPU
		{0DF56480-22E7-4F68-AD25-6D0012F5FEA5}.Release|Any CPU.Build.0 = Release|Any CPU
		{25337CAE-B3D6-4817-9B73-390865104887}.Debug|Any CPU.ActiveCfg = Debug|Any CPU
		{25337CAE-B3D6-4817-9B73-390865104887}.Debug|Any CPU.Build.0 = Debug|Any CPU
		{25337CAE-B3D6-4817-9B73-390865104887}.Release|Any CPU.ActiveCfg = Release|Any CPU
		{25337CAE-B3D6-4817-9B73-390865104887}.Release|Any CPU.Build.0 = Release|Any CPU
		{C89480E5-4F69-4D27-AFB8-F53C36FC6F37}.Debug|Any CPU.ActiveCfg = Debug|Any CPU
		{C89480E5-4F69-4D27-AFB8-F53C36FC6F37}.Debug|Any CPU.Build.0 = Debug|Any CPU
		{C89480E5-4F69-4D27-AFB8-F53C36FC6F37}.Release|Any CPU.ActiveCfg = Release|Any CPU
		{C89480E5-4F69-4D27-AFB8-F53C36FC6F37}.Release|Any CPU.Build.0 = Release|Any CPU
		{35530C88-05A2-4BC7-A30A-F2BB0A74EF34}.Debug|Any CPU.ActiveCfg = Debug|Any CPU
		{35530C88-05A2-4BC7-A30A-F2BB0A74EF34}.Debug|Any CPU.Build.0 = Debug|Any CPU
		{35530C88-05A2-4BC7-A30A-F2BB0A74EF34}.Release|Any CPU.ActiveCfg = Release|Any CPU
		{35530C88-05A2-4BC7-A30A-F2BB0A74EF34}.Release|Any CPU.Build.0 = Release|Any CPU
		{C845858E-C0D3-4CC1-9997-9FD24C91C531}.Debug|Any CPU.ActiveCfg = Debug|Any CPU
		{C845858E-C0D3-4CC1-9997-9FD24C91C531}.Debug|Any CPU.Build.0 = Debug|Any CPU
		{C845858E-C0D3-4CC1-9997-9FD24C91C531}.Release|Any CPU.ActiveCfg = Release|Any CPU
		{C845858E-C0D3-4CC1-9997-9FD24C91C531}.Release|Any CPU.Build.0 = Release|Any CPU
		{A60826BE-2A09-41F8-AC34-4463B59DCAFE}.Debug|Any CPU.ActiveCfg = Debug|Any CPU
		{A60826BE-2A09-41F8-AC34-4463B59DCAFE}.Debug|Any CPU.Build.0 = Debug|Any CPU
		{A60826BE-2A09-41F8-AC34-4463B59DCAFE}.Release|Any CPU.ActiveCfg = Release|Any CPU
		{A60826BE-2A09-41F8-AC34-4463B59DCAFE}.Release|Any CPU.Build.0 = Release|Any CPU
		{DDDC61E8-36F0-48C7-9EA3-A5DCC60B4FA7}.Debug|Any CPU.ActiveCfg = Debug|Any CPU
		{DDDC61E8-36F0-48C7-9EA3-A5DCC60B4FA7}.Debug|Any CPU.Build.0 = Debug|Any CPU
		{DDDC61E8-36F0-48C7-9EA3-A5DCC60B4FA7}.Release|Any CPU.ActiveCfg = Release|Any CPU
		{DDDC61E8-36F0-48C7-9EA3-A5DCC60B4FA7}.Release|Any CPU.Build.0 = Release|Any CPU
		{6B149FC5-94B9-4E21-9B79-A07BEB8434FC}.Debug|Any CPU.ActiveCfg = Debug|Any CPU
		{6B149FC5-94B9-4E21-9B79-A07BEB8434FC}.Debug|Any CPU.Build.0 = Debug|Any CPU
		{6B149FC5-94B9-4E21-9B79-A07BEB8434FC}.Release|Any CPU.ActiveCfg = Release|Any CPU
		{6B149FC5-94B9-4E21-9B79-A07BEB8434FC}.Release|Any CPU.Build.0 = Release|Any CPU
		{C236995E-4941-4DB9-9BDA-E51B904586CB}.Debug|Any CPU.ActiveCfg = Debug|Any CPU
		{C236995E-4941-4DB9-9BDA-E51B904586CB}.Debug|Any CPU.Build.0 = Debug|Any CPU
		{C236995E-4941-4DB9-9BDA-E51B904586CB}.Release|Any CPU.ActiveCfg = Release|Any CPU
		{C236995E-4941-4DB9-9BDA-E51B904586CB}.Release|Any CPU.Build.0 = Release|Any CPU
		{4F1834C5-A29C-4C4B-A770-5576B6271C14}.Debug|Any CPU.ActiveCfg = Debug|Any CPU
		{4F1834C5-A29C-4C4B-A770-5576B6271C14}.Debug|Any CPU.Build.0 = Debug|Any CPU
		{4F1834C5-A29C-4C4B-A770-5576B6271C14}.Release|Any CPU.ActiveCfg = Release|Any CPU
		{4F1834C5-A29C-4C4B-A770-5576B6271C14}.Release|Any CPU.Build.0 = Release|Any CPU
		{00A9A32A-B7A3-4188-A4AC-31D48F8FF174}.Debug|Any CPU.ActiveCfg = Debug|Any CPU
		{00A9A32A-B7A3-4188-A4AC-31D48F8FF174}.Debug|Any CPU.Build.0 = Debug|Any CPU
		{00A9A32A-B7A3-4188-A4AC-31D48F8FF174}.Release|Any CPU.ActiveCfg = Release|Any CPU
		{00A9A32A-B7A3-4188-A4AC-31D48F8FF174}.Release|Any CPU.Build.0 = Release|Any CPU
	EndGlobalSection
	GlobalSection(SolutionProperties) = preSolution
		HideSolutionNode = FALSE
	EndGlobalSection
	GlobalSection(NestedProjects) = preSolution
		{F8284BDE-F33E-462E-9D55-79E19F3FEFCD} = {827D01D0-4B9A-4F66-A1B1-DE5792F0B5D3}
		{0DF56480-22E7-4F68-AD25-6D0012F5FEA5} = {827D01D0-4B9A-4F66-A1B1-DE5792F0B5D3}
		{25337CAE-B3D6-4817-9B73-390865104887} = {827D01D0-4B9A-4F66-A1B1-DE5792F0B5D3}
		{C89480E5-4F69-4D27-AFB8-F53C36FC6F37} = {827D01D0-4B9A-4F66-A1B1-DE5792F0B5D3}
		{35530C88-05A2-4BC7-A30A-F2BB0A74EF34} = {827D01D0-4B9A-4F66-A1B1-DE5792F0B5D3}
		{C845858E-C0D3-4CC1-9997-9FD24C91C531} = {827D01D0-4B9A-4F66-A1B1-DE5792F0B5D3}
		{A60826BE-2A09-41F8-AC34-4463B59DCAFE} = {827D01D0-4B9A-4F66-A1B1-DE5792F0B5D3}
		{DDDC61E8-36F0-48C7-9EA3-A5DCC60B4FA7} = {827D01D0-4B9A-4F66-A1B1-DE5792F0B5D3}
		{6B149FC5-94B9-4E21-9B79-A07BEB8434FC} = {827D01D0-4B9A-4F66-A1B1-DE5792F0B5D3}
		{C236995E-4941-4DB9-9BDA-E51B904586CB} = {827D01D0-4B9A-4F66-A1B1-DE5792F0B5D3}
		{4F1834C5-A29C-4C4B-A770-5576B6271C14} = {827D01D0-4B9A-4F66-A1B1-DE5792F0B5D3}
		{00A9A32A-B7A3-4188-A4AC-31D48F8FF174} = {827D01D0-4B9A-4F66-A1B1-DE5792F0B5D3}
	EndGlobalSection
EndGlobal
